
Microsoft Visual Studio Solution File, Format Version 12.00
# Visual Studio Version 17
VisualStudioVersion = 17.6.33829.357
MinimumVisualStudioVersion = 10.0.40219.1
Project("{FAE04EC0-301F-11D3-BF4B-00C04F79EFBC}") = "TAIO", "TAIO\TAIO.csproj", "{0D60EE95-88AE-4336-9CF9-1277115DB184}"
EndProject
Global
	GlobalSection(SolutionConfigurationPlatforms) = preSolution
		Debug|Any CPU = Debug|Any CPU
		Release|Any CPU = Release|Any CPU
	EndGlobalSection
	GlobalSection(ProjectConfigurationPlatforms) = postSolution
		{0D60EE95-88AE-4336-9CF9-1277115DB184}.Debug|Any CPU.ActiveCfg = Debug|Any CPU
		{0D60EE95-88AE-4336-9CF9-1277115DB184}.Debug|Any CPU.Build.0 = Debug|Any CPU
		{0D60EE95-88AE-4336-9CF9-1277115DB184}.Release|Any CPU.ActiveCfg = Release|Any CPU
		{0D60EE95-88AE-4336-9CF9-1277115DB184}.Release|Any CPU.Build.0 = Release|Any CPU
	EndGlobalSection
	GlobalSection(SolutionProperties) = preSolution
		HideSolutionNode = FALSE
	EndGlobalSection
	GlobalSection(ExtensibilityGlobals) = postSolution
		SolutionGuid = {B39FE208-B44B-4D15-9B2A-7B6E8F16FBC7}
	EndGlobalSection
EndGlobal
